
Microsoft Visual Studio Solution File, Format Version 12.00
# Visual Studio Version 16
VisualStudioVersion = 16.0.30523.141
MinimumVisualStudioVersion = 10.0.40219.1
Project("{8BC9CEB8-8B4A-11D0-8D11-00A0C91BC942}") = "CacheSample", "CacheSample.vcxproj", "{BB6BD0AB-C98B-4AC8-8CFC-926AC5DBE745}"
EndProject
Global
	GlobalSection(SolutionConfigurationPlatforms) = preSolution
		Debug|x64 = Debug|x64
		Debug|x86 = Debug|x86
		Release|x64 = Release|x64
		Release|x86 = Release|x86
	EndGlobalSection
	GlobalSection(ProjectConfigurationPlatforms) = postSolution
		{BB6BD0AB-C98B-4AC8-8CFC-926AC5DBE745}.Debug|x64.ActiveCfg = Debug|x64
		{BB6BD0AB-C98B-4AC8-8CFC-926AC5DBE745}.Debug|x64.Build.0 = Debug|x64
		{BB6BD0AB-C98B-4AC8-8CFC-926AC5DBE745}.Debug|x86.ActiveCfg = Debug|Win32
		{BB6BD0AB-C98B-4AC8-8CFC-926AC5DBE745}.Debug|x86.Build.0 = Debug|Win32
		{BB6BD0AB-C98B-4AC8-8CFC-926AC5DBE745}.Release|x64.ActiveCfg = Release|x64
		{BB6BD0AB-C98B-4AC8-8CFC-926AC5DBE745}.Release|x64.Build.0 = Release|x64
		{BB6BD0AB-C98B-4AC8-8CFC-926AC5DBE745}.Release|x86.ActiveCfg = Release|Win32
		{BB6BD0AB-C98B-4AC8-8CFC-926AC5DBE745}.Release|x86.Build.0 = Release|Win32
	EndGlobalSection
	GlobalSection(SolutionProperties) = preSolution
		HideSolutionNode = FALSE
	EndGlobalSection
	GlobalSection(ExtensibilityGlobals) = postSolution
		SolutionGuid = {FCA214D9-EFE3-4E74-9041-02E19A7F5F06}
	EndGlobalSection
EndGlobal
